
Microsoft Visual Studio Solution File, Format Version 12.00
# Visual Studio Version 16
VisualStudioVersion = 16.0.33801.447
MinimumVisualStudioVersion = 10.0.40219.1
Project("{FAE04EC0-301F-11D3-BF4B-00C04F79EFBC}") = "WebProjekat", "WebProjekat.csproj", "{34549CE2-D8ED-47ED-A264-8A2710F54305}"
EndProject
Global
	GlobalSection(SolutionConfigurationPlatforms) = preSolution
		Debug|Any CPU = Debug|Any CPU
		Release|Any CPU = Release|Any CPU
	EndGlobalSection
	GlobalSection(ProjectConfigurationPlatforms) = postSolution
		{34549CE2-D8ED-47ED-A264-8A2710F54305}.Debug|Any CPU.ActiveCfg = Debug|Any CPU
		{34549CE2-D8ED-47ED-A264-8A2710F54305}.Debug|Any CPU.Build.0 = Debug|Any CPU
		{34549CE2-D8ED-47ED-A264-8A2710F54305}.Release|Any CPU.ActiveCfg = Release|Any CPU
		{34549CE2-D8ED-47ED-A264-8A2710F54305}.Release|Any CPU.Build.0 = Release|Any CPU
	EndGlobalSection
	GlobalSection(SolutionProperties) = preSolution
		HideSolutionNode = FALSE
	EndGlobalSection
	GlobalSection(ExtensibilityGlobals) = postSolution
		SolutionGuid = {D8A6B432-5C0B-42CE-B7CD-371BAFFA1091}
	EndGlobalSection
EndGlobal
